
Microsoft Visual Studio Solution File, Format Version 11.00
# Visual Studio 2010
Project("{FAE04EC0-301F-11D3-BF4B-00C04F79EFBC}") = "Arbitrage", "src\Arbitrage.csproj", "{CE81BB63-134A-4781-B0F0-0DCEC87A5712}"
EndProject
Global
	GlobalSection(SolutionConfigurationPlatforms) = preSolution
		Debug|Any CPU = Debug|Any CPU
		Release|Any CPU = Release|Any CPU
	EndGlobalSection
	GlobalSection(ProjectConfigurationPlatforms) = postSolution
		{CE81BB63-134A-4781-B0F0-0DCEC87A5712}.Debug|Any CPU.ActiveCfg = Debug|Any CPU
		{CE81BB63-134A-4781-B0F0-0DCEC87A5712}.Debug|Any CPU.Build.0 = Debug|Any CPU
		{CE81BB63-134A-4781-B0F0-0DCEC87A5712}.Release|Any CPU.ActiveCfg = Release|Any CPU
		{CE81BB63-134A-4781-B0F0-0DCEC87A5712}.Release|Any CPU.Build.0 = Release|Any CPU
	EndGlobalSection
	GlobalSection(MonoDevelopProperties) = preSolution
		StartupItem = src\Arbitrage.csproj
	EndGlobalSection
EndGlobal
